{
  "name": "portfolio",
  "lockfileVersion": 3,
  "requires": true,
  "packages": {
    "": {
      "dependencies": {
        "countup.js": "^2.8.0",
        "swiper": "^11.2.1"
      }
    },
    "node_modules/countup.js": {
      "version": "2.8.0",
      "resolved": "https://registry.npmjs.org/countup.js/-/countup.js-2.8.0.tgz",
      "integrity": "sha512-f7xEhX0awl4NOElHulrl4XRfKoNH3rB+qfNSZZyjSZhaAoUk6elvhH+MNxMmlmuUJ2/QNTWPSA7U4mNtIAKljQ=="
    },
    "node_modules/swiper": {
      "version": "11.2.1",
      "resolved": "https://registry.npmjs.org/swiper/-/swiper-11.2.1.tgz",
      "integrity": "sha512-62G69+iQRIfUqTmJkWpZDcX891Ra8O9050ckt1/JI2H+0483g+gq0m7gINecDqMtDh2zt5dK+uzBRxGhGOOvQA==",
      "funding": [
        {
          "type": "patreon",
          "url": "https://www.patreon.com/swiperjs"
        },
        {
          "type": "open_collective",
          "url": "http://opencollective.com/swiper"
        }
      ],
      "engines": {
        "node": ">= 4.7.0"
      }
    }
  }
}
